
Microsoft Visual Studio Solution File, Format Version 12.00
# Visual Studio Version 17
VisualStudioVersion = 17.9.34728.123
MinimumVisualStudioVersion = 10.0.40219.1
Project("{FAE04EC0-301F-11D3-BF4B-00C04F79EFBC}") = "ECommerceApp", "ECommerceApp\ECommerceApp.csproj", "{476164F8-D36B-4C20-8C90-1F599EB9EBA3}"
EndProject
Global
	GlobalSection(SolutionConfigurationPlatforms) = preSolution
		Debug|Any CPU = Debug|Any CPU
		Release|Any CPU = Release|Any CPU
	EndGlobalSection
	GlobalSection(ProjectConfigurationPlatforms) = postSolution
		{476164F8-D36B-4C20-8C90-1F599EB9EBA3}.Debug|Any CPU.ActiveCfg = Debug|Any CPU
		{476164F8-D36B-4C20-8C90-1F599EB9EBA3}.Debug|Any CPU.Build.0 = Debug|Any CPU
		{476164F8-D36B-4C20-8C90-1F599EB9EBA3}.Release|Any CPU.ActiveCfg = Release|Any CPU
		{476164F8-D36B-4C20-8C90-1F599EB9EBA3}.Release|Any CPU.Build.0 = Release|Any CPU
	EndGlobalSection
	GlobalSection(SolutionProperties) = preSolution
		HideSolutionNode = FALSE
	EndGlobalSection
	GlobalSection(ExtensibilityGlobals) = postSolution
		SolutionGuid = {75592911-83A5-49E7-A4F8-83545CCB12D1}
	EndGlobalSection
EndGlobal
